
Microsoft Visual Studio Solution File, Format Version 11.00
# Visual Studio 2010
Project("{FAE04EC0-301F-11D3-BF4B-00C04F79EFBC}") = "ColorWars", "ColorWars\ColorWars\ColorWars.csproj", "{F4AA015B-8171-41D8-825F-D14593547A06}"
EndProject
Project("{FAE04EC0-301F-11D3-BF4B-00C04F79EFBC}") = "ColorWarsContent", "ColorWars\ColorWarsContent\ColorWarsContent.contentproj", "{647B4511-6450-4A6C-AA00-7B3DD02C81F9}"
EndProject
Project("{FAE04EC0-301F-11D3-BF4B-00C04F79EFBC}") = "GameStateManagement", "GameStateManagement\GameStateManagement.csproj", "{9E83F3E0-ECA1-4780-AF76-CF233F664B5E}"
EndProject
Global
	GlobalSection(SolutionConfigurationPlatforms) = preSolution
		Debug|x86 = Debug|x86
		Release|x86 = Release|x86
	EndGlobalSection
	GlobalSection(ProjectConfigurationPlatforms) = postSolution
		{F4AA015B-8171-41D8-825F-D14593547A06}.Debug|x86.ActiveCfg = Debug|x86
		{F4AA015B-8171-41D8-825F-D14593547A06}.Debug|x86.Build.0 = Debug|x86
		{F4AA015B-8171-41D8-825F-D14593547A06}.Release|x86.ActiveCfg = Release|x86
		{F4AA015B-8171-41D8-825F-D14593547A06}.Release|x86.Build.0 = Release|x86
		{647B4511-6450-4A6C-AA00-7B3DD02C81F9}.Debug|x86.ActiveCfg = Debug|x86
		{647B4511-6450-4A6C-AA00-7B3DD02C81F9}.Release|x86.ActiveCfg = Release|x86
		{9E83F3E0-ECA1-4780-AF76-CF233F664B5E}.Debug|x86.ActiveCfg = Debug|x86
		{9E83F3E0-ECA1-4780-AF76-CF233F664B5E}.Debug|x86.Build.0 = Debug|x86
		{9E83F3E0-ECA1-4780-AF76-CF233F664B5E}.Release|x86.ActiveCfg = Release|x86
		{9E83F3E0-ECA1-4780-AF76-CF233F664B5E}.Release|x86.Build.0 = Release|x86
	EndGlobalSection
	GlobalSection(SolutionProperties) = preSolution
		HideSolutionNode = FALSE
	EndGlobalSection
EndGlobal
